
Microsoft Visual Studio Solution File, Format Version 12.00
# Visual Studio 15
VisualStudioVersion = 15.0.27130.2036
MinimumVisualStudioVersion = 10.0.40219.1
Project("{FAE04EC0-301F-11D3-BF4B-00C04F79EFBC}") = "BooksStorage", "BooksStorage\BooksStorage.csproj", "{9EEA8D15-6455-46CF-BB28-651CC0096228}"
EndProject
Global
	GlobalSection(SolutionConfigurationPlatforms) = preSolution
		Debug|Any CPU = Debug|Any CPU
		Release|Any CPU = Release|Any CPU
	EndGlobalSection
	GlobalSection(ProjectConfigurationPlatforms) = postSolution
		{9EEA8D15-6455-46CF-BB28-651CC0096228}.Debug|Any CPU.ActiveCfg = Debug|Any CPU
		{9EEA8D15-6455-46CF-BB28-651CC0096228}.Debug|Any CPU.Build.0 = Debug|Any CPU
		{9EEA8D15-6455-46CF-BB28-651CC0096228}.Release|Any CPU.ActiveCfg = Release|Any CPU
		{9EEA8D15-6455-46CF-BB28-651CC0096228}.Release|Any CPU.Build.0 = Release|Any CPU
	EndGlobalSection
	GlobalSection(SolutionProperties) = preSolution
		HideSolutionNode = FALSE
	EndGlobalSection
	GlobalSection(ExtensibilityGlobals) = postSolution
		SolutionGuid = {E26D22EA-2ADE-4CB3-9DD8-7C0A394DBA04}
	EndGlobalSection
EndGlobal
